
Microsoft Visual Studio Solution File, Format Version 12.00
Project("{FAE04EC0-301F-11D3-BF4B-00C04F79EFBC}") = "vt-encrypchat.Presentation", "vt-encrypchat.Presentation\vt-encrypchat.Presentation.csproj", "{57140D44-2BB1-46E0-B2B9-09144081D8D3}"
EndProject
Project("{FAE04EC0-301F-11D3-BF4B-00C04F79EFBC}") = "vt-encrypchat.Domain", "vt-encrypchat.Domain\vt-encrypchat.Domain.csproj", "{F96037A1-ECB4-4B29-B62B-090E647EBDB6}"
EndProject
Project("{FAE04EC0-301F-11D3-BF4B-00C04F79EFBC}") = "vt-encrypchat.Infrastructure", "vt-encrypchat.Infrastructure\vt-encrypchat.Infrastructure.csproj", "{DAB4D182-FF3D-4CB6-99D6-70FA0D589083}"
EndProject
Project("{FAE04EC0-301F-11D3-BF4B-00C04F79EFBC}") = "vt-encrypchat.Application", "vt-encrypchat.Application\vt-encrypchat.Application.csproj", "{5DD474B5-CEB7-4111-B455-35B08A288B3C}"
EndProject
Project("{FAE04EC0-301F-11D3-BF4B-00C04F79EFBC}") = "vt-encrypchat.Data", "vt-encrypchat.Data\vt-encrypchat.Data.csproj", "{37CA38B9-568D-4656-8B20-ACB471D4B84C}"
EndProject
Project("{FAE04EC0-301F-11D3-BF4B-00C04F79EFBC}") = "vt-encrypchat.UnitTests", "vt-encrypchat.UnitTests\vt-encrypchat.UnitTests.csproj", "{F2FE2C6A-CDD1-47FE-8773-FEFFBC5F2279}"
EndProject
Project("{FAE04EC0-301F-11D3-BF4B-00C04F79EFBC}") = "vt-encrypchat.IntegrationTests", "vt-encrypchat.IntegrationTests\vt-encrypchat.IntegrationTests.csproj", "{F6597F6D-6046-4864-8E1F-2937B8AFF1AF}"
EndProject
Project("{2150E333-8FDC-42A3-9474-1A3956D46DE8}") = "Tests", "Tests", "{CFEB2DB3-FA5E-439A-8224-74E04CA07CF6}"
EndProject
Global
	GlobalSection(SolutionConfigurationPlatforms) = preSolution
		Debug|Any CPU = Debug|Any CPU
		Release|Any CPU = Release|Any CPU
	EndGlobalSection
	GlobalSection(ProjectConfigurationPlatforms) = postSolution
		{57140D44-2BB1-46E0-B2B9-09144081D8D3}.Debug|Any CPU.ActiveCfg = Debug|Any CPU
		{57140D44-2BB1-46E0-B2B9-09144081D8D3}.Debug|Any CPU.Build.0 = Debug|Any CPU
		{57140D44-2BB1-46E0-B2B9-09144081D8D3}.Release|Any CPU.ActiveCfg = Release|Any CPU
		{57140D44-2BB1-46E0-B2B9-09144081D8D3}.Release|Any CPU.Build.0 = Release|Any CPU
		{F96037A1-ECB4-4B29-B62B-090E647EBDB6}.Debug|Any CPU.ActiveCfg = Debug|Any CPU
		{F96037A1-ECB4-4B29-B62B-090E647EBDB6}.Debug|Any CPU.Build.0 = Debug|Any CPU
		{F96037A1-ECB4-4B29-B62B-090E647EBDB6}.Release|Any CPU.ActiveCfg = Release|Any CPU
		{F96037A1-ECB4-4B29-B62B-090E647EBDB6}.Release|Any CPU.Build.0 = Release|Any CPU
		{DAB4D182-FF3D-4CB6-99D6-70FA0D589083}.Debug|Any CPU.ActiveCfg = Debug|Any CPU
		{DAB4D182-FF3D-4CB6-99D6-70FA0D589083}.Debug|Any CPU.Build.0 = Debug|Any CPU
		{DAB4D182-FF3D-4CB6-99D6-70FA0D589083}.Release|Any CPU.ActiveCfg = Release|Any CPU
		{DAB4D182-FF3D-4CB6-99D6-70FA0D589083}.Release|Any CPU.Build.0 = Release|Any CPU
		{5DD474B5-CEB7-4111-B455-35B08A288B3C}.Debug|Any CPU.ActiveCfg = Debug|Any CPU
		{5DD474B5-CEB7-4111-B455-35B08A288B3C}.Debug|Any CPU.Build.0 = Debug|Any CPU
		{5DD474B5-CEB7-4111-B455-35B08A288B3C}.Release|Any CPU.ActiveCfg = Release|Any CPU
		{5DD474B5-CEB7-4111-B455-35B08A288B3C}.Release|Any CPU.Build.0 = Release|Any CPU
		{37CA38B9-568D-4656-8B20-ACB471D4B84C}.Debug|Any CPU.ActiveCfg = Debug|Any CPU
		{37CA38B9-568D-4656-8B20-ACB471D4B84C}.Debug|Any CPU.Build.0 = Debug|Any CPU
		{37CA38B9-568D-4656-8B20-ACB471D4B84C}.Release|Any CPU.ActiveCfg = Release|Any CPU
		{37CA38B9-568D-4656-8B20-ACB471D4B84C}.Release|Any CPU.Build.0 = Release|Any CPU
		{F2FE2C6A-CDD1-47FE-8773-FEFFBC5F2279}.Debug|Any CPU.ActiveCfg = Debug|Any CPU
		{F2FE2C6A-CDD1-47FE-8773-FEFFBC5F2279}.Debug|Any CPU.Build.0 = Debug|Any CPU
		{F2FE2C6A-CDD1-47FE-8773-FEFFBC5F2279}.Release|Any CPU.ActiveCfg = Release|Any CPU
		{F2FE2C6A-CDD1-47FE-8773-FEFFBC5F2279}.Release|Any CPU.Build.0 = Release|Any CPU
		{F6597F6D-6046-4864-8E1F-2937B8AFF1AF}.Debug|Any CPU.ActiveCfg = Debug|Any CPU
		{F6597F6D-6046-4864-8E1F-2937B8AFF1AF}.Debug|Any CPU.Build.0 = Debug|Any CPU
		{F6597F6D-6046-4864-8E1F-2937B8AFF1AF}.Release|Any CPU.ActiveCfg = Release|Any CPU
		{F6597F6D-6046-4864-8E1F-2937B8AFF1AF}.Release|Any CPU.Build.0 = Release|Any CPU
	EndGlobalSection
	GlobalSection(NestedProjects) = preSolution
		{F6597F6D-6046-4864-8E1F-2937B8AFF1AF} = {CFEB2DB3-FA5E-439A-8224-74E04CA07CF6}
		{F2FE2C6A-CDD1-47FE-8773-FEFFBC5F2279} = {CFEB2DB3-FA5E-439A-8224-74E04CA07CF6}
	EndGlobalSection
EndGlobal
